// !$*UTF8*$!
{
	archiveVersion = 1;
	classes = {
	};
	objectVersion = 56;
	objects = {

/* Begin PBXBuildFile section */
		8A1234561234567800000001 /* AIToolsApp.swift in Sources */ = {isa = PBXBuildFile; fileRef = 8A1234561234567800000002 /* AIToolsApp.swift */; };
		8A1234561234567800000003 /* Assets.xcassets in Resources */ = {isa = PBXBuildFile; fileRef = 8A1234561234567800000004 /* Assets.xcassets */; };
		8A1234561234567800000005 /* AIService.swift in Sources */ = {isa = PBXBuildFile; fileRef = 8A1234561234567800000006 /* AIService.swift */; };
		8A1234561234567800000007 /* AIWebView.swift in Sources */ = {isa = PBXBuildFile; fileRef = 8A1234561234567800000008 /* AIWebView.swift */; };
		8A1234561234567800000009 /* MainChatView.swift in Sources */ = {isa = PBXBuildFile; fileRef = 8A1234561234567800000010 /* MainChatView.swift */; };
		8A1234561234567800000011 /* MenuBarManager.swift in Sources */ = {isa = PBXBuildFile; fileRef = 8A1234561234567800000012 /* MenuBarManager.swift */; };
		8A1234561234567800000013 /* KeyboardShortcutManager.swift in Sources */ = {isa = PBXBuildFile; fileRef = 8A1234561234567800000014 /* KeyboardShortcutManager.swift */; };
		8A1234561234567800000100 /* CompactChatView.swift in Sources */ = {isa = PBXBuildFile; fileRef = 8A1234561234567800000101 /* CompactChatView.swift */; };
		8A1234561234567800000102 /* MultiTabView.swift in Sources */ = {isa = PBXBuildFile; fileRef = 8A1234561234567800000103 /* MultiTabView.swift */; };
		8A1234561234567800000104 /* PreferencesView.swift in Sources */ = {isa = PBXBuildFile; fileRef = 8A1234561234567800000105 /* PreferencesView.swift */; };
		8A1234561234567800000106 /* ShortcutRecorder.swift in Sources */ = {isa = PBXBuildFile; fileRef = 8A1234561234567800000107 /* ShortcutRecorder.swift */; };
		8A1234561234567800000108 /* PreferencesManager.swift in Sources */ = {isa = PBXBuildFile; fileRef = 8A1234561234567800000109 /* PreferencesManager.swift */; };
/* End PBXBuildFile section */

/* Begin PBXFileReference section */
		8A1234561234567800000015 /* AppleAI.app */ = {isa = PBXFileReference; explicitFileType = wrapper.application; includeInIndex = 0; path = AppleAI.app; sourceTree = BUILT_PRODUCTS_DIR; };
		8A1234561234567800000002 /* AIToolsApp.swift */ = {isa = PBXFileReference; lastKnownFileType = sourcecode.swift; path = AIToolsApp.swift; sourceTree = "<group>"; };
		8A1234561234567800000004 /* Assets.xcassets */ = {isa = PBXFileReference; lastKnownFileType = folder.assetcatalog; path = Assets.xcassets; sourceTree = "<group>"; };
		8A1234561234567800000006 /* AIService.swift */ = {isa = PBXFileReference; lastKnownFileType = sourcecode.swift; path = AIService.swift; sourceTree = "<group>"; };
		8A1234561234567800000008 /* AIWebView.swift */ = {isa = PBXFileReference; lastKnownFileType = sourcecode.swift; path = AIWebView.swift; sourceTree = "<group>"; };
		8A1234561234567800000010 /* MainChatView.swift */ = {isa = PBXFileReference; lastKnownFileType = sourcecode.swift; path = MainChatView.swift; sourceTree = "<group>"; };
		8A1234561234567800000012 /* MenuBarManager.swift */ = {isa = PBXFileReference; lastKnownFileType = sourcecode.swift; path = MenuBarManager.swift; sourceTree = "<group>"; };
		8A1234561234567800000014 /* KeyboardShortcutManager.swift */ = {isa = PBXFileReference; lastKnownFileType = sourcecode.swift; path = KeyboardShortcutManager.swift; sourceTree = "<group>"; };
		8A1234561234567800000016 /* Info.plist */ = {isa = PBXFileReference; lastKnownFileType = text.plist.xml; path = Info.plist; sourceTree = "<group>"; };
		8A1234561234567800000101 /* CompactChatView.swift */ = {isa = PBXFileReference; lastKnownFileType = sourcecode.swift; path = CompactChatView.swift; sourceTree = "<group>"; };
		8A1234561234567800000103 /* MultiTabView.swift */ = {isa = PBXFileReference; lastKnownFileType = sourcecode.swift; path = MultiTabView.swift; sourceTree = "<group>"; };
		8A1234561234567800000105 /* PreferencesView.swift */ = {isa = PBXFileReference; lastKnownFileType = sourcecode.swift; path = PreferencesView.swift; sourceTree = "<group>"; };
		8A1234561234567800000107 /* ShortcutRecorder.swift */ = {isa = PBXFileReference; lastKnownFileType = sourcecode.swift; path = ShortcutRecorder.swift; sourceTree = "<group>"; };
		8A1234561234567800000109 /* PreferencesManager.swift */ = {isa = PBXFileReference; lastKnownFileType = sourcecode.swift; path = PreferencesManager.swift; sourceTree = "<group>"; };
/* End PBXFileReference section */

/* Begin PBXFrameworksBuildPhase section */
		8A1234561234567800000017 /* Frameworks */ = {
			isa = PBXFrameworksBuildPhase;
			buildActionMask = 2147483647;
			files = (
			);
			runOnlyForDeploymentPostprocessing = 0;
		};
/* End PBXFrameworksBuildPhase section */

/* Begin PBXGroup section */
		8A1234561234567800000018 = {
			isa = PBXGroup;
			children = (
				8A1234561234567800000019 /* AppleAI */,
				8A1234561234567800000020 /* Products */,
			);
			sourceTree = "<group>";
		};
		8A20Group = {
			isa = PBXGroup;
			children = (
				8A1234561234567800000001 /* AIToolsApp.swift in Sources */,
				8A1234561234567800000003 /* Assets.xcassets in Resources */,
				8A1234561234567800000005 /* AIService.swift in Sources */,
				8A1234561234567800000007 /* AIWebView.swift in Sources */,
				8A1234561234567800000009 /* MainChatView.swift in Sources */,
				8A1234561234567800000011 /* MenuBarManager.swift in Sources */,
				8A1234561234567800000013 /* KeyboardShortcutManager.swift in Sources */,
				8A1234561234567800000100 /* CompactChatView.swift in Sources */,
				8A1234561234567800000102 /* MultiTabView.swift in Sources */,
				8A1234561234567800000104 /* PreferencesView.swift in Sources */,
				8A1234561234567800000106 /* ShortcutRecorder.swift in Sources */,
				8A1234561234567800000108 /* PreferencesManager.swift in Sources */,
			);
			path = Sources;
			sourceTree = "<group>";
		};
		8A1234561234567800000020 /* Products */ = {
			isa = PBXGroup;
			children = (
				8A1234561234567800000015 /* AppleAI.app */,
			);
			name = Products;
			sourceTree = "<group>";
		};
		8A1234561234567800000019 /* AppleAI */ = {
			isa = PBXGroup;
			children = (
				8A1234561234567800000002 /* AIToolsApp.swift */,
				8A1234561234567800000021 /* Models */,
				8A1234561234567800000022 /* Views */,
				8A1234561234567800000023 /* Managers */,
				8A1234561234567800000004 /* Assets.xcassets */,
				8A1234561234567800000016 /* Info.plist */,
			);
			path = AppleAI;
			sourceTree = "<group>";
		};
		8A1234561234567800000021 /* Models */ = {
			isa = PBXGroup;
			children = (
				8A1234561234567800000006 /* AIService.swift */,
			);
			path = Models;
			sourceTree = "<group>";
		};
		8A1234561234567800000022 /* Views */ = {
			isa = PBXGroup;
			children = (
				8A1234561234567800000008 /* AIWebView.swift */,
				8A1234561234567800000010 /* MainChatView.swift */,
				8A1234561234567800000101 /* CompactChatView.swift */,
				8A1234561234567800000103 /* MultiTabView.swift */,
				8A1234561234567800000105 /* PreferencesView.swift */,
				8A1234561234567800000107 /* ShortcutRecorder.swift */,
			);
			path = Views;
			sourceTree = "<group>";
		};
		8A1234561234567800000023 /* Managers */ = {
			isa = PBXGroup;
			children = (
				8A1234561234567800000012 /* MenuBarManager.swift */,
				8A1234561234567800000014 /* KeyboardShortcutManager.swift */,
				8A1234561234567800000109 /* PreferencesManager.swift */,
			);
			path = Managers;
			sourceTree = "<group>";
		};
/* End PBXGroup section */

/* Begin PBXNativeTarget section */
		8A1234561234567800000024 /* AIToolsHub */ = {
			isa = PBXNativeTarget;
			buildConfigurationList = 8A1234561234567800000025 /* Build configuration list for PBXNativeTarget "AIToolsHub" */;
			buildPhases = (
				8A1234561234567800000017 /* Frameworks */,
				8A1234561234567800000026 /* Sources */,
				8A1234561234567800000027 /* Resources */,
			);
			buildRules = (
			);
			dependencies = (
			);
			name = AIToolsHub;
			productName = AIToolsHub;
			productReference = 8A1234561234567800000015 /* AppleAI.app */;
			productType = "com.apple.product-type.application";
		};
/* End PBXNativeTarget section */

/* Begin PBXProject section */
		8A1234561234567800000028 /* Project object */ = {
			isa = PBXProject;
			attributes = {
				BuildIndependentTargetsInParallel = 1;
				LastSwiftUpdateCheck = 1500;
				LastUpgradeCheck = 1500;
				TargetAttributes = {
					8A1234561234567800000024 = {
						CreatedOnToolsVersion = 15.0;
					};
				};
			};
			buildConfigurationList = 8A1234561234567800000029 /* Build configuration list for PBXProject "AppleAI" */;
			compatibilityVersion = "Xcode 14.0";
			developmentRegion = en;
			hasScannedForEncodings = 0;
			knownRegions = (
				en,
				Base,
			);
			mainGroup = 8A1234561234567800000018;
			productRefGroup = 8A1234561234567800000020 /* Products */;
			projectDirPath = "";
			projectRoot = "";
			targets = (
				8A1234561234567800000024 /* AIToolsHub */,
			);
		};
/* End PBXProject section */

/* Begin PBXResourcesBuildPhase section */
		8A1234561234567800000027 /* Resources */ = {
			isa = PBXResourcesBuildPhase;
			buildActionMask = 2147483647;
			files = (
				8A1234561234567800000003 /* Assets.xcassets in Resources */,
			);
			runOnlyForDeploymentPostprocessing = 0;
		};
/* End PBXResourcesBuildPhase section */

/* Begin PBXSourcesBuildPhase section */
		8A1234561234567800000026 /* Sources */ = {
			isa = PBXSourcesBuildPhase;
			buildActionMask = 2147483647;
			files = (
				8A1234561234567800000001 /* AIToolsApp.swift in Sources */,
				8A1234561234567800000005 /* AIService.swift in Sources */,
				8A1234561234567800000007 /* AIWebView.swift in Sources */,
				8A1234561234567800000009 /* MainChatView.swift in Sources */,
				8A1234561234567800000011 /* MenuBarManager.swift in Sources */,
				8A1234561234567800000013 /* KeyboardShortcutManager.swift in Sources */,
				8A1234561234567800000100 /* CompactChatView.swift in Sources */,
				8A1234561234567800000102 /* MultiTabView.swift in Sources */,
				8A1234561234567800000104 /* PreferencesView.swift in Sources */,
				8A1234561234567800000106 /* ShortcutRecorder.swift in Sources */,
				8A1234561234567800000108 /* PreferencesManager.swift in Sources */,
			);
			runOnlyForDeploymentPostprocessing = 0;
		};
/* End PBXSourcesBuildPhase section */

/* Begin XCBuildConfiguration section */
		8A1234561234567800000030 /* Debug */ = {
			isa = XCBuildConfiguration;
			buildSettings = {
				ALWAYS_SEARCH_USER_PATHS = NO;
				ASSETCATALOG_COMPILER_GENERATE_SWIFT_ASSET_SYMBOL_EXTENSIONS = YES;
				CLANG_ANALYZER_NONNULL = YES;
				CLANG_ANALYZER_NUMBER_OBJECT_CONVERSION = YES_AGGRESSIVE;
				CLANG_CXX_LANGUAGE_STANDARD = "gnu++20";
				CLANG_ENABLE_MODULES = YES;
				CLANG_ENABLE_OBJC_ARC = YES;
				CLANG_ENABLE_OBJC_WEAK = YES;
				CLANG_WARN_BLOCK_CAPTURE_AUTORELEASING = YES;
				CLANG_WARN_BOOL_CONVERSION = YES;
				CLANG_WARN_COMMA = YES;
				CLANG_WARN_CONSTANT_CONVERSION = YES;
				CLANG_WARN_DEPRECATED_OBJC_IMPLEMENTATIONS = YES;
				CLANG_WARN_DIRECT_OBJC_ISA_USAGE = YES_ERROR;
				CLANG_WARN_DOCUMENTATION_COMMENTS = YES;
				CLANG_WARN_EMPTY_BODY = YES;
				CLANG_WARN_ENUM_CONVERSION = YES;
				CLANG_WARN_INFINITE_RECURSION = YES;
				CLANG_WARN_INT_CONVERSION = YES;
				CLANG_WARN_NON_LITERAL_NULL_CONVERSION = YES;
				CLANG_WARN_OBJC_IMPLICIT_RETAIN_SELF = YES;
				CLANG_WARN_OBJC_LITERAL_CONVERSION = YES;
				CLANG_WARN_OBJC_ROOT_CLASS = YES_ERROR;
				CLANG_WARN_QUOTED_INCLUDE_IN_FRAMEWORK_HEADER = YES;
				CLANG_WARN_RANGE_LOOP_ANALYSIS = YES;
				CLANG_WARN_STRICT_PROTOTYPES = YES;
				CLANG_WARN_SUSPICIOUS_MOVE = YES;
				CLANG_WARN_UNGUARDED_AVAILABILITY = YES_AGGRESSIVE;
				CLANG_WARN_UNREACHABLE_CODE = YES;
				CLANG_WARN__DUPLICATE_METHOD_MATCH = YES;
				COPY_PHASE_STRIP = NO;
				DEBUG_INFORMATION_FORMAT = dwarf;
				ENABLE_STRICT_OBJC_MSGSEND = YES;
				ENABLE_TESTABILITY = YES;
				ENABLE_USER_SCRIPT_SANDBOXING = YES;
				GCC_C_LANGUAGE_STANDARD = gnu17;
				GCC_DYNAMIC_NO_PIC = NO;
				GCC_NO_COMMON_BLOCKS = YES;
				GCC_OPTIMIZATION_LEVEL = 0;
				GCC_PREPROCESSOR_DEFINITIONS = (
					"DEBUG=1",
					"$(inherited)",
				);
				GCC_WARN_64_TO_32_BIT_CONVERSION = YES;
				GCC_WARN_ABOUT_RETURN_TYPE = YES_ERROR;
				GCC_WARN_UNDECLARED_SELECTOR = YES;
				GCC_WARN_UNINITIALIZED_AUTOS = YES_AGGRESSIVE;
				GCC_WARN_UNUSED_FUNCTION = YES;
				GCC_WARN_UNUSED_VARIABLE = YES;
				LOCALIZATION_PREFERS_STRING_CATALOGS = YES;
				MACOSX_DEPLOYMENT_TARGET = 11.0;
				MTL_ENABLE_DEBUG_INFO = INCLUDE_SOURCE;
				MTL_FAST_MATH = YES;
				ONLY_ACTIVE_ARCH = YES;
				SDKROOT = macosx;
				SWIFT_ACTIVE_COMPILATION_CONDITIONS = "DEBUG $(inherited)";
				SWIFT_OPTIMIZATION_LEVEL = "-Onone";
			};
			name = Debug;
		};
		8A1234561234567800000031 /* Release */ = {
			isa = XCBuildConfiguration;
			buildSettings = {
				ALWAYS_SEARCH_USER_PATHS = NO;
				ASSETCATALOG_COMPILER_GENERATE_SWIFT_ASSET_SYMBOL_EXTENSIONS = YES;
				CLANG_ANALYZER_NONNULL = YES;
				CLANG_ANALYZER_NUMBER_OBJECT_CONVERSION = YES_AGGRESSIVE;
				CLANG_CXX_LANGUAGE_STANDARD = "gnu++20";
				CLANG_ENABLE_MODULES = YES;
				CLANG_ENABLE_OBJC_ARC = YES;
				CLANG_ENABLE_OBJC_WEAK = YES;
				CLANG_WARN_BLOCK_CAPTURE_AUTORELEASING = YES;
				CLANG_WARN_BOOL_CONVERSION = YES;
				CLANG_WARN_COMMA = YES;
				CLANG_WARN_CONSTANT_CONVERSION = YES;
				CLANG_WARN_DEPRECATED_OBJC_IMPLEMENTATIONS = YES;
				CLANG_WARN_DIRECT_OBJC_ISA_USAGE = YES_ERROR;
				CLANG_WARN_DOCUMENTATION_COMMENTS = YES;
				CLANG_WARN_EMPTY_BODY = YES;
				CLANG_WARN_ENUM_CONVERSION = YES;
				CLANG_WARN_INFINITE_RECURSION = YES;
				CLANG_WARN_INT_CONVERSION = YES;
				CLANG_WARN_NON_LITERAL_NULL_CONVERSION = YES;
				CLANG_WARN_OBJC_IMPLICIT_RETAIN_SELF = YES;
				CLANG_WARN_OBJC_LITERAL_CONVERSION = YES;
				CLANG_WARN_OBJC_ROOT_CLASS = YES_ERROR;
				CLANG_WARN_QUOTED_INCLUDE_IN_FRAMEWORK_HEADER = YES;
				CLANG_WARN_RANGE_LOOP_ANALYSIS = YES;
				CLANG_WARN_STRICT_PROTOTYPES = YES;
				CLANG_WARN_SUSPICIOUS_MOVE = YES;
				CLANG_WARN_UNGUARDED_AVAILABILITY = YES_AGGRESSIVE;
				CLANG_WARN_UNREACHABLE_CODE = YES;
				CLANG_WARN__DUPLICATE_METHOD_MATCH = YES;
				COPY_PHASE_STRIP = NO;
				DEBUG_INFORMATION_FORMAT = "dwarf-with-dsym";
				ENABLE_NS_ASSERTIONS = NO;
				ENABLE_STRICT_OBJC_MSGSEND = YES;
				ENABLE_USER_SCRIPT_SANDBOXING = YES;
				GCC_C_LANGUAGE_STANDARD = gnu17;
				GCC_NO_COMMON_BLOCKS = YES;
				GCC_WARN_64_TO_32_BIT_CONVERSION = YES;
				GCC_WARN_ABOUT_RETURN_TYPE = YES_ERROR;
				GCC_WARN_UNDECLARED_SELECTOR = YES;
				GCC_WARN_UNINITIALIZED_AUTOS = YES_AGGRESSIVE;
				GCC_WARN_UNUSED_FUNCTION = YES;
				GCC_WARN_UNUSED_VARIABLE = YES;
				LOCALIZATION_PREFERS_STRING_CATALOGS = YES;
				MACOSX_DEPLOYMENT_TARGET = 11.0;
				MTL_ENABLE_DEBUG_INFO = NO;
				MTL_FAST_MATH = YES;
				SDKROOT = macosx;
				SWIFT_COMPILATION_MODE = wholemodule;
			};
			name = Release;
		};
		8A1234561234567800000032 /* Debug */ = {
			isa = XCBuildConfiguration;
			buildSettings = {
				ASSETCATALOG_COMPILER_APPICON_NAME = AppIcon;
				ASSETCATALOG_COMPILER_GLOBAL_ACCENT_COLOR_NAME = AccentColor;
				CODE_SIGN_STYLE = Automatic;
				COMBINE_HIDPI_IMAGES = YES;
				CURRENT_PROJECT_VERSION = 1;
				GENERATE_INFOPLIST_FILE = YES;
				INFOPLIST_FILE = AppleAI/Info.plist;
				INFOPLIST_KEY_LSUIElement = YES;
				INFOPLIST_KEY_NSHumanReadableCopyright = "";
				INFOPLIST_KEY_NSPrincipalClass = NSApplication;
				LD_RUNPATH_SEARCH_PATHS = (
					"$(inherited)",
					"@executable_path/../Frameworks",
				);
				MARKETING_VERSION = 1.0;
				PRODUCT_BUNDLE_IDENTIFIER = com.macxyai.AppleAI;
				PRODUCT_NAME = AppleAI;
				SWIFT_EMIT_LOC_STRINGS = YES;
				SWIFT_VERSION = 5.0;
			};
			name = Debug;
		};
		8A1234561234567800000033 /* Release */ = {
			isa = XCBuildConfiguration;
			buildSettings = {
				ASSETCATALOG_COMPILER_APPICON_NAME = AppIcon;
				ASSETCATALOG_COMPILER_GLOBAL_ACCENT_COLOR_NAME = AccentColor;
				CODE_SIGN_STYLE = Automatic;
				COMBINE_HIDPI_IMAGES = YES;
				CURRENT_PROJECT_VERSION = 1;
				GENERATE_INFOPLIST_FILE = YES;
				INFOPLIST_FILE = AppleAI/Info.plist;
				INFOPLIST_KEY_LSUIElement = YES;
				INFOPLIST_KEY_NSHumanReadableCopyright = "";
				INFOPLIST_KEY_NSPrincipalClass = NSApplication;
				LD_RUNPATH_SEARCH_PATHS = (
					"$(inherited)",
					"@executable_path/../Frameworks",
				);
				MARKETING_VERSION = 1.0;
				PRODUCT_BUNDLE_IDENTIFIER = com.macxyai.AppleAI;
				PRODUCT_NAME = AppleAI;
				SWIFT_EMIT_LOC_STRINGS = YES;
				SWIFT_VERSION = 5.0;
			};
			name = Release;
		};
/* End XCBuildConfiguration section */

/* Begin XCConfigurationList section */
		8A1234561234567800000029 /* Build configuration list for PBXProject "AppleAI" */ = {
			isa = XCConfigurationList;
			buildConfigurations = (
				8A1234561234567800000030 /* Debug */,
				8A1234561234567800000031 /* Release */,
			);
			defaultConfigurationIsVisible = 0;
			defaultConfigurationName = Release;
		};
		8A1234561234567800000025 /* Build configuration list for PBXNativeTarget "AIToolsHub" */ = {
			isa = XCConfigurationList;
			buildConfigurations = (
				8A1234561234567800000032 /* Debug */,
				8A1234561234567800000033 /* Release */,
			);
			defaultConfigurationIsVisible = 0;
			defaultConfigurationName = Release;
		};
/* End XCConfigurationList section */
	};
	rootObject = 8A1234561234567800000028 /* Project object */;
} 